
Microsoft Visual Studio Solution File, Format Version 12.00
# Visual Studio 2017
Project("{FAE04EC0-301F-11D3-BF4B-00C04F79EFBC}") = "VeganBois", "VeganBois.csproj", "{463D812F-38DE-430D-6E8D-CD68A2D7DBFC}"
EndProject
Global
	GlobalSection(SolutionConfigurationPlatforms) = preSolution
		Debug|Any CPU = Debug|Any CPU
		Release|Any CPU = Release|Any CPU
	EndGlobalSection
	GlobalSection(ProjectConfigurationPlatforms) = postSolution
		{463D812F-38DE-430D-6E8D-CD68A2D7DBFC}.Debug|Any CPU.ActiveCfg = Debug|Any CPU
		{463D812F-38DE-430D-6E8D-CD68A2D7DBFC}.Debug|Any CPU.Build.0 = Debug|Any CPU
		{463D812F-38DE-430D-6E8D-CD68A2D7DBFC}.Release|Any CPU.ActiveCfg = Release|Any CPU
		{463D812F-38DE-430D-6E8D-CD68A2D7DBFC}.Release|Any CPU.Build.0 = Release|Any CPU
	EndGlobalSection
	GlobalSection(SolutionProperties) = preSolution
		HideSolutionNode = FALSE
	EndGlobalSection
EndGlobal
